
Microsoft Visual Studio Solution File, Format Version 12.00
Project("{FAE04EC0-301F-11D3-BF4B-00C04F79EFBC}") = "StrykerMutationTests", "StrykerMutationTests\StrykerMutationTests.csproj", "{3AA21D65-8BA1-4A1E-8B23-E13D8B90C960}"
EndProject
Project("{FAE04EC0-301F-11D3-BF4B-00C04F79EFBC}") = "StrykerMutation", "StrykerMutation\StrykerMutation.csproj", "{49D957E6-F1BC-4C35-BA06-0040BC9B8070}"
EndProject
Global
	GlobalSection(SolutionConfigurationPlatforms) = preSolution
		Debug|Any CPU = Debug|Any CPU
		Release|Any CPU = Release|Any CPU
	EndGlobalSection
	GlobalSection(ProjectConfigurationPlatforms) = postSolution
		{3AA21D65-8BA1-4A1E-8B23-E13D8B90C960}.Debug|Any CPU.ActiveCfg = Debug|Any CPU
		{3AA21D65-8BA1-4A1E-8B23-E13D8B90C960}.Debug|Any CPU.Build.0 = Debug|Any CPU
		{3AA21D65-8BA1-4A1E-8B23-E13D8B90C960}.Release|Any CPU.ActiveCfg = Release|Any CPU
		{3AA21D65-8BA1-4A1E-8B23-E13D8B90C960}.Release|Any CPU.Build.0 = Release|Any CPU
		{49D957E6-F1BC-4C35-BA06-0040BC9B8070}.Debug|Any CPU.ActiveCfg = Debug|Any CPU
		{49D957E6-F1BC-4C35-BA06-0040BC9B8070}.Debug|Any CPU.Build.0 = Debug|Any CPU
		{49D957E6-F1BC-4C35-BA06-0040BC9B8070}.Release|Any CPU.ActiveCfg = Release|Any CPU
		{49D957E6-F1BC-4C35-BA06-0040BC9B8070}.Release|Any CPU.Build.0 = Release|Any CPU
	EndGlobalSection
EndGlobal
